
Microsoft Visual Studio Solution File, Format Version 12.00
# Visual Studio 15
VisualStudioVersion = 15.0.26730.3
MinimumVisualStudioVersion = 10.0.40219.1
Project("{2150E333-8FDC-42A3-9474-1A3956D46DE8}") = "src", "src", "{D0455F87-5E51-4AFD-ACF1-2F50A352F3D5}"
EndProject
Project("{9A19103F-16F7-4668-BE54-9A1E7A4F7556}") = "DaprExtension", "src\DaprExtension\DaprExtension.csproj", "{D04DD2A7-EE6B-44C2-B615-DC380D8D2569}"
EndProject
Project("{2150E333-8FDC-42A3-9474-1A3956D46DE8}") = "test", "test", "{B40A0AB6-1971-4DE9-954A-DD92AF1694CC}"
EndProject
Project("{9A19103F-16F7-4668-BE54-9A1E7A4F7556}") = "Extension.tests", "test\Extension.tests\Extension.tests.csproj", "{694416E6-094C-4F52-8B0F-D6B8197E5660}"
EndProject
Global
	GlobalSection(SolutionConfigurationPlatforms) = preSolution
		Debug|Any CPU = Debug|Any CPU
		Release|Any CPU = Release|Any CPU
	EndGlobalSection
	GlobalSection(ProjectConfigurationPlatforms) = postSolution
		{D04DD2A7-EE6B-44C2-B615-DC380D8D2569}.Debug|Any CPU.ActiveCfg = Debug|Any CPU
		{D04DD2A7-EE6B-44C2-B615-DC380D8D2569}.Debug|Any CPU.Build.0 = Debug|Any CPU
		{D04DD2A7-EE6B-44C2-B615-DC380D8D2569}.Release|Any CPU.ActiveCfg = Release|Any CPU
		{D04DD2A7-EE6B-44C2-B615-DC380D8D2569}.Release|Any CPU.Build.0 = Release|Any CPU
		{694416E6-094C-4F52-8B0F-D6B8197E5660}.Debug|Any CPU.ActiveCfg = Debug|Any CPU
		{694416E6-094C-4F52-8B0F-D6B8197E5660}.Debug|Any CPU.Build.0 = Debug|Any CPU
		{694416E6-094C-4F52-8B0F-D6B8197E5660}.Release|Any CPU.ActiveCfg = Release|Any CPU
		{694416E6-094C-4F52-8B0F-D6B8197E5660}.Release|Any CPU.Build.0 = Release|Any CPU
	EndGlobalSection
	GlobalSection(SolutionProperties) = preSolution
		HideSolutionNode = FALSE
	EndGlobalSection
	GlobalSection(NestedProjects) = preSolution
		{D04DD2A7-EE6B-44C2-B615-DC380D8D2569} = {D0455F87-5E51-4AFD-ACF1-2F50A352F3D5}
		{694416E6-094C-4F52-8B0F-D6B8197E5660} = {B40A0AB6-1971-4DE9-954A-DD92AF1694CC}
	EndGlobalSection
	GlobalSection(ExtensibilityGlobals) = postSolution
		SolutionGuid = {7059D7BF-670B-4F26-9A7A-E73F95BEBF57}
	EndGlobalSection
EndGlobal
