
Microsoft Visual Studio Solution File, Format Version 12.00
# Visual Studio Version 16
VisualStudioVersion = 16.0.29806.167
MinimumVisualStudioVersion = 10.0.40219.1
Project("{9A19103F-16F7-4668-BE54-9A1E7A4F7556}") = "DaprExtension", "src\DaprExtension\DaprExtension.csproj", "{6D6AD659-C741-4AD8-B1AE-CC731A7B21EE}"
EndProject
Project("{9A19103F-16F7-4668-BE54-9A1E7A4F7556}") = "DaprExtensionTests", "test\DaprExtensionTests\DaprExtensionTests.csproj", "{8F4768AF-D8B6-40CC-8FCA-C4EC32D442A9}"
EndProject
Project("{2150E333-8FDC-42A3-9474-1A3956D46DE8}") = "Solution Items", "Solution Items", "{A41513E0-93E2-4122-9FFD-7B9EFEB23D5E}"
	ProjectSection(SolutionItems) = preProject
		.editorconfig = .editorconfig
		.gitignore = .gitignore
	EndProjectSection
EndProject
Global
	GlobalSection(SolutionConfigurationPlatforms) = preSolution
		Debug|Any CPU = Debug|Any CPU
		Release|Any CPU = Release|Any CPU
	EndGlobalSection
	GlobalSection(ProjectConfigurationPlatforms) = postSolution
		{6D6AD659-C741-4AD8-B1AE-CC731A7B21EE}.Debug|Any CPU.ActiveCfg = Debug|Any CPU
		{6D6AD659-C741-4AD8-B1AE-CC731A7B21EE}.Debug|Any CPU.Build.0 = Debug|Any CPU
		{6D6AD659-C741-4AD8-B1AE-CC731A7B21EE}.Release|Any CPU.ActiveCfg = Release|Any CPU
		{6D6AD659-C741-4AD8-B1AE-CC731A7B21EE}.Release|Any CPU.Build.0 = Release|Any CPU
		{8F4768AF-D8B6-40CC-8FCA-C4EC32D442A9}.Debug|Any CPU.ActiveCfg = Debug|Any CPU
		{8F4768AF-D8B6-40CC-8FCA-C4EC32D442A9}.Debug|Any CPU.Build.0 = Debug|Any CPU
		{8F4768AF-D8B6-40CC-8FCA-C4EC32D442A9}.Release|Any CPU.ActiveCfg = Release|Any CPU
		{8F4768AF-D8B6-40CC-8FCA-C4EC32D442A9}.Release|Any CPU.Build.0 = Release|Any CPU
	EndGlobalSection
	GlobalSection(SolutionProperties) = preSolution
		HideSolutionNode = FALSE
	EndGlobalSection
	GlobalSection(ExtensibilityGlobals) = postSolution
		SolutionGuid = {ACF358FE-D84B-4EF9-95B4-E4F537B6D76F}
	EndGlobalSection
EndGlobal
